
Microsoft Visual Studio Solution File, Format Version 12.00
Project("{FAE04EC0-301F-11D3-BF4B-00C04F79EFBC}") = "BFace", "src\BFace\BFace.csproj", "{3F405A7B-B183-45C6-BE85-8660990AE40B}"
EndProject
Project("{FAE04EC0-301F-11D3-BF4B-00C04F79EFBC}") = "Simple", "examples\Simple\Simple.csproj", "{9BBD6F30-5EA5-4C59-A5DF-4B1199779B3F}"
EndProject
Project("{FAE04EC0-301F-11D3-BF4B-00C04F79EFBC}") = "FRDNCompare", "examples\FRDNCompare\FRDNCompare.csproj", "{7E1408F6-6FE8-4629-A52E-1D3C91EB5172}"
EndProject
Project("{FAE04EC0-301F-11D3-BF4B-00C04F79EFBC}") = "UltraFaceCompare", "examples\UltraFaceCompare\UltraFaceCompare.csproj", "{A6C0571F-2CFA-4D4F-9083-355FC49690E6}"
EndProject
Global
	GlobalSection(SolutionConfigurationPlatforms) = preSolution
		Debug|Any CPU = Debug|Any CPU
		Release|Any CPU = Release|Any CPU
	EndGlobalSection
	GlobalSection(ProjectConfigurationPlatforms) = postSolution
		{3F405A7B-B183-45C6-BE85-8660990AE40B}.Debug|Any CPU.ActiveCfg = Debug|Any CPU
		{3F405A7B-B183-45C6-BE85-8660990AE40B}.Debug|Any CPU.Build.0 = Debug|Any CPU
		{3F405A7B-B183-45C6-BE85-8660990AE40B}.Release|Any CPU.ActiveCfg = Release|Any CPU
		{3F405A7B-B183-45C6-BE85-8660990AE40B}.Release|Any CPU.Build.0 = Release|Any CPU
		{9BBD6F30-5EA5-4C59-A5DF-4B1199779B3F}.Debug|Any CPU.ActiveCfg = Debug|Any CPU
		{9BBD6F30-5EA5-4C59-A5DF-4B1199779B3F}.Debug|Any CPU.Build.0 = Debug|Any CPU
		{9BBD6F30-5EA5-4C59-A5DF-4B1199779B3F}.Release|Any CPU.ActiveCfg = Release|Any CPU
		{9BBD6F30-5EA5-4C59-A5DF-4B1199779B3F}.Release|Any CPU.Build.0 = Release|Any CPU
		{7E1408F6-6FE8-4629-A52E-1D3C91EB5172}.Debug|Any CPU.ActiveCfg = Debug|Any CPU
		{7E1408F6-6FE8-4629-A52E-1D3C91EB5172}.Debug|Any CPU.Build.0 = Debug|Any CPU
		{7E1408F6-6FE8-4629-A52E-1D3C91EB5172}.Release|Any CPU.ActiveCfg = Release|Any CPU
		{7E1408F6-6FE8-4629-A52E-1D3C91EB5172}.Release|Any CPU.Build.0 = Release|Any CPU
		{A6C0571F-2CFA-4D4F-9083-355FC49690E6}.Debug|Any CPU.ActiveCfg = Debug|Any CPU
		{A6C0571F-2CFA-4D4F-9083-355FC49690E6}.Debug|Any CPU.Build.0 = Debug|Any CPU
		{A6C0571F-2CFA-4D4F-9083-355FC49690E6}.Release|Any CPU.ActiveCfg = Release|Any CPU
		{A6C0571F-2CFA-4D4F-9083-355FC49690E6}.Release|Any CPU.Build.0 = Release|Any CPU
	EndGlobalSection
EndGlobal
